
Microsoft Visual Studio Solution File, Format Version 12.00
# Visual Studio Version 16
VisualStudioVersion = 16.0.29424.173
MinimumVisualStudioVersion = 10.0.40219.1
Project("{9A19103F-16F7-4668-BE54-9A1E7A4F7556}") = "ChessApplication.Core", "ChessApplication.Core\ChessApplication.Core.csproj", "{DBBD9A6E-4912-4670-A6BF-76FBA874D1AA}"
EndProject
Project("{FAE04EC0-301F-11D3-BF4B-00C04F79EFBC}") = "ChessApplication.User.WPF", "ChessApplication.User.WPF\ChessApplication.User.WPF.csproj", "{170EA3DC-8B99-4468-BC3C-F0D6790CD404}"
EndProject
Project("{FAE04EC0-301F-11D3-BF4B-00C04F79EFBC}") = "ChessApplication.Server", "ChessApplication.Server\ChessApplication.Server.csproj", "{D5CA63B8-5842-47A0-84FD-AAA4C020D343}"
EndProject
Global
	GlobalSection(SolutionConfigurationPlatforms) = preSolution
		Debug|Any CPU = Debug|Any CPU
		Release|Any CPU = Release|Any CPU
	EndGlobalSection
	GlobalSection(ProjectConfigurationPlatforms) = postSolution
		{DBBD9A6E-4912-4670-A6BF-76FBA874D1AA}.Debug|Any CPU.ActiveCfg = Debug|Any CPU
		{DBBD9A6E-4912-4670-A6BF-76FBA874D1AA}.Debug|Any CPU.Build.0 = Debug|Any CPU
		{DBBD9A6E-4912-4670-A6BF-76FBA874D1AA}.Release|Any CPU.ActiveCfg = Release|Any CPU
		{DBBD9A6E-4912-4670-A6BF-76FBA874D1AA}.Release|Any CPU.Build.0 = Release|Any CPU
		{170EA3DC-8B99-4468-BC3C-F0D6790CD404}.Debug|Any CPU.ActiveCfg = Debug|Any CPU
		{170EA3DC-8B99-4468-BC3C-F0D6790CD404}.Debug|Any CPU.Build.0 = Debug|Any CPU
		{170EA3DC-8B99-4468-BC3C-F0D6790CD404}.Release|Any CPU.ActiveCfg = Release|Any CPU
		{170EA3DC-8B99-4468-BC3C-F0D6790CD404}.Release|Any CPU.Build.0 = Release|Any CPU
		{D5CA63B8-5842-47A0-84FD-AAA4C020D343}.Debug|Any CPU.ActiveCfg = Debug|Any CPU
		{D5CA63B8-5842-47A0-84FD-AAA4C020D343}.Debug|Any CPU.Build.0 = Debug|Any CPU
		{D5CA63B8-5842-47A0-84FD-AAA4C020D343}.Release|Any CPU.ActiveCfg = Release|Any CPU
		{D5CA63B8-5842-47A0-84FD-AAA4C020D343}.Release|Any CPU.Build.0 = Release|Any CPU
	EndGlobalSection
	GlobalSection(SolutionProperties) = preSolution
		HideSolutionNode = FALSE
	EndGlobalSection
	GlobalSection(ExtensibilityGlobals) = postSolution
		SolutionGuid = {F37F8436-54D2-4D16-8688-FC98902405A6}
	EndGlobalSection
EndGlobal
